// !$*UTF8*$!
{
	archiveVersion = 1;
	classes = {
	};
	objectVersion = 46;
	objects = {

/* Begin PBXBuildFile section */
		880740AB1E1F8C9400CECDDF /* AppDelegate.swift in Sources */ = {isa = PBXBuildFile; fileRef = 880740AA1E1F8C9400CECDDF /* AppDelegate.swift */; };
		880740AD1E1F8C9400CECDDF /* DashboardViewController.swift in Sources */ = {isa = PBXBuildFile; fileRef = 880740AC1E1F8C9400CECDDF /* DashboardViewController.swift */; };
		880740B21E1F8C9400CECDDF /* Assets.xcassets in Resources */ = {isa = PBXBuildFile; fileRef = 880740B11E1F8C9400CECDDF /* Assets.xcassets */; };
		880740B51E1F8C9400CECDDF /* LaunchScreen.storyboard in Resources */ = {isa = PBXBuildFile; fileRef = 880740B31E1F8C9400CECDDF /* LaunchScreen.storyboard */; };
		880740C01E1F8C9400CECDDF /* DashboardTests.swift in Sources */ = {isa = PBXBuildFile; fileRef = 880740BF1E1F8C9400CECDDF /* DashboardTests.swift */; };
		880740CC1E1F916700CECDDF /* DashboardPresenter.swift in Sources */ = {isa = PBXBuildFile; fileRef = 880740CB1E1F916700CECDDF /* DashboardPresenter.swift */; };
		880740CF1E1F939300CECDDF /* AppCoordinator.swift in Sources */ = {isa = PBXBuildFile; fileRef = 880740CE1E1F939300CECDDF /* AppCoordinator.swift */; };
		880740D11E1FCC8700CECDDF /* RootRouter.swift in Sources */ = {isa = PBXBuildFile; fileRef = 880740D01E1FCC8700CECDDF /* RootRouter.swift */; };
		880740D61E201C2300CECDDF /* DashboardViewControllingFactory.swift in Sources */ = {isa = PBXBuildFile; fileRef = 880740D51E201C2300CECDDF /* DashboardViewControllingFactory.swift */; };
		880740D91E2103A400CECDDF /* SpecDashboardViewController.swift in Sources */ = {isa = PBXBuildFile; fileRef = 880740D81E2103A400CECDDF /* SpecDashboardViewController.swift */; };
		880740DC1E21079B00CECDDF /* FringesTest.swift in Sources */ = {isa = PBXBuildFile; fileRef = 880740DB1E21079B00CECDDF /* FringesTest.swift */; };
		880740DF1E2108CE00CECDDF /* main.swift in Sources */ = {isa = PBXBuildFile; fileRef = 880740DD1E21088B00CECDDF /* main.swift */; };
		880740E21E21100A00CECDDF /* DashboardViewController.storyboard in Resources */ = {isa = PBXBuildFile; fileRef = 880740E01E21100200CECDDF /* DashboardViewController.storyboard */; };
		880740E91E2118FC00CECDDF /* DashboardInteractor.swift in Sources */ = {isa = PBXBuildFile; fileRef = 880740E81E2118FC00CECDDF /* DashboardInteractor.swift */; };
		880741641E2270BC00CECDDF /* SettingsPresenter.swift in Sources */ = {isa = PBXBuildFile; fileRef = 880741631E2270BC00CECDDF /* SettingsPresenter.swift */; };
		880741661E22780C00CECDDF /* SettingsViewController.swift in Sources */ = {isa = PBXBuildFile; fileRef = 880741651E22780C00CECDDF /* SettingsViewController.swift */; };
		880741691E227A4D00CECDDF /* UIViewController.swift in Sources */ = {isa = PBXBuildFile; fileRef = 880741681E227A4D00CECDDF /* UIViewController.swift */; };
		8807416C1E227AF500CECDDF /* ViewControlling.swift in Sources */ = {isa = PBXBuildFile; fileRef = 8807416B1E227AF500CECDDF /* ViewControlling.swift */; };
		8807416E1E22858400CECDDF /* SettingsViewControllerFactory.swift in Sources */ = {isa = PBXBuildFile; fileRef = 8807416D1E22858400CECDDF /* SettingsViewControllerFactory.swift */; };
		880741701E22876700CECDDF /* SettingsViewController.storyboard in Resources */ = {isa = PBXBuildFile; fileRef = 8807416F1E22876700CECDDF /* SettingsViewController.storyboard */; };
		880741721E2287C200CECDDF /* SpecViewController.swift in Sources */ = {isa = PBXBuildFile; fileRef = 880741711E2287C200CECDDF /* SpecViewController.swift */; };
		880741741E22889000CECDDF /* SpecSettingsViewController.swift in Sources */ = {isa = PBXBuildFile; fileRef = 880741731E22889000CECDDF /* SpecSettingsViewController.swift */; };
		880741761E22896C00CECDDF /* SettingsTests.swift in Sources */ = {isa = PBXBuildFile; fileRef = 880741751E22896C00CECDDF /* SettingsTests.swift */; };
		880741781E22915500CECDDF /* Windowing.swift in Sources */ = {isa = PBXBuildFile; fileRef = 880741771E22915500CECDDF /* Windowing.swift */; };
		8807417A1E22919600CECDDF /* UIWindow.swift in Sources */ = {isa = PBXBuildFile; fileRef = 880741791E22919600CECDDF /* UIWindow.swift */; };
		8807417C1E2292A600CECDDF /* SpecWindow.swift in Sources */ = {isa = PBXBuildFile; fileRef = 8807417B1E2292A600CECDDF /* SpecWindow.swift */; };
		8807417E1E239A3F00CECDDF /* DashboardPresenterFactory.swift in Sources */ = {isa = PBXBuildFile; fileRef = 8807417D1E239A3F00CECDDF /* DashboardPresenterFactory.swift */; };
		880741801E23A4C400CECDDF /* SettingsPresenterFactory.swift in Sources */ = {isa = PBXBuildFile; fileRef = 8807417F1E23A4C400CECDDF /* SettingsPresenterFactory.swift */; };
		885F9CFA1E2A265B003ADC21 /* DashboardRouter.swift in Sources */ = {isa = PBXBuildFile; fileRef = 885F9CF91E2A265B003ADC21 /* DashboardRouter.swift */; };
		885F9CFC1E2A276E003ADC21 /* DashboardNavPresenter.swift in Sources */ = {isa = PBXBuildFile; fileRef = 885F9CFB1E2A276E003ADC21 /* DashboardNavPresenter.swift */; };
		885F9CFE1E2A2825003ADC21 /* DashboardNavControllingFactory.swift in Sources */ = {isa = PBXBuildFile; fileRef = 885F9CFD1E2A2825003ADC21 /* DashboardNavControllingFactory.swift */; };
		885F9D001E2A288D003ADC21 /* DashboardNavigationController.swift in Sources */ = {isa = PBXBuildFile; fileRef = 885F9CFF1E2A288D003ADC21 /* DashboardNavigationController.swift */; };
		885F9D021E2A28EC003ADC21 /* NavigationControlling.swift in Sources */ = {isa = PBXBuildFile; fileRef = 885F9D011E2A28EC003ADC21 /* NavigationControlling.swift */; };
		885F9D061E2A302E003ADC21 /* DashboardNavigationPresenterFactory.swift in Sources */ = {isa = PBXBuildFile; fileRef = 885F9D051E2A302E003ADC21 /* DashboardNavigationPresenterFactory.swift */; };
		885F9D0A1E2A3939003ADC21 /* SpecDashboardNavigationControlling.swift in Sources */ = {isa = PBXBuildFile; fileRef = 885F9D081E2A38BF003ADC21 /* SpecDashboardNavigationControlling.swift */; };
		885F9D0D1E2A3979003ADC21 /* SpecNavigationController.swift in Sources */ = {isa = PBXBuildFile; fileRef = 885F9D0B1E2A396A003ADC21 /* SpecNavigationController.swift */; };
		885F9D0F1E2A3D65003ADC21 /* UINavigationController.swift in Sources */ = {isa = PBXBuildFile; fileRef = 885F9D0E1E2A3D65003ADC21 /* UINavigationController.swift */; };
		885F9D141E2A4D62003ADC21 /* PushablePresenter.swift in Sources */ = {isa = PBXBuildFile; fileRef = 885F9D131E2A4D62003ADC21 /* PushablePresenter.swift */; };
/* End PBXBuildFile section */

/* Begin PBXContainerItemProxy section */
		880740BC1E1F8C9400CECDDF /* PBXContainerItemProxy */ = {
			isa = PBXContainerItemProxy;
			containerPortal = 8807409F1E1F8C9400CECDDF /* Project object */;
			proxyType = 1;
			remoteGlobalIDString = 880740A61E1F8C9400CECDDF;
			remoteInfo = FringesExample;
		};
/* End PBXContainerItemProxy section */

/* Begin PBXFileReference section */
		880740A71E1F8C9400CECDDF /* FringesExample.app */ = {isa = PBXFileReference; explicitFileType = wrapper.application; includeInIndex = 0; path = FringesExample.app; sourceTree = BUILT_PRODUCTS_DIR; };
		880740AA1E1F8C9400CECDDF /* AppDelegate.swift */ = {isa = PBXFileReference; lastKnownFileType = sourcecode.swift; path = AppDelegate.swift; sourceTree = "<group>"; };
		880740AC1E1F8C9400CECDDF /* DashboardViewController.swift */ = {isa = PBXFileReference; lastKnownFileType = sourcecode.swift; path = DashboardViewController.swift; sourceTree = "<group>"; };
		880740B11E1F8C9400CECDDF /* Assets.xcassets */ = {isa = PBXFileReference; lastKnownFileType = folder.assetcatalog; path = Assets.xcassets; sourceTree = "<group>"; };
		880740B41E1F8C9400CECDDF /* Base */ = {isa = PBXFileReference; lastKnownFileType = file.storyboard; name = Base; path = Base.lproj/LaunchScreen.storyboard; sourceTree = "<group>"; };
		880740B61E1F8C9400CECDDF /* Info.plist */ = {isa = PBXFileReference; lastKnownFileType = text.plist.xml; path = Info.plist; sourceTree = "<group>"; };
		880740BB1E1F8C9400CECDDF /* FringesExampleTests.xctest */ = {isa = PBXFileReference; explicitFileType = wrapper.cfbundle; includeInIndex = 0; path = FringesExampleTests.xctest; sourceTree = BUILT_PRODUCTS_DIR; };
		880740BF1E1F8C9400CECDDF /* DashboardTests.swift */ = {isa = PBXFileReference; lastKnownFileType = sourcecode.swift; path = DashboardTests.swift; sourceTree = "<group>"; };
		880740C11E1F8C9400CECDDF /* Info.plist */ = {isa = PBXFileReference; lastKnownFileType = text.plist.xml; path = Info.plist; sourceTree = "<group>"; };
		880740CB1E1F916700CECDDF /* DashboardPresenter.swift */ = {isa = PBXFileReference; fileEncoding = 4; lastKnownFileType = sourcecode.swift; path = DashboardPresenter.swift; sourceTree = "<group>"; };
		880740CE1E1F939300CECDDF /* AppCoordinator.swift */ = {isa = PBXFileReference; fileEncoding = 4; lastKnownFileType = sourcecode.swift; path = AppCoordinator.swift; sourceTree = "<group>"; };
		880740D01E1FCC8700CECDDF /* RootRouter.swift */ = {isa = PBXFileReference; fileEncoding = 4; lastKnownFileType = sourcecode.swift; path = RootRouter.swift; sourceTree = "<group>"; };
		880740D51E201C2300CECDDF /* DashboardViewControllingFactory.swift */ = {isa = PBXFileReference; fileEncoding = 4; lastKnownFileType = sourcecode.swift; path = DashboardViewControllingFactory.swift; sourceTree = "<group>"; };
		880740D81E2103A400CECDDF /* SpecDashboardViewController.swift */ = {isa = PBXFileReference; fileEncoding = 4; lastKnownFileType = sourcecode.swift; path = SpecDashboardViewController.swift; sourceTree = "<group>"; };
		880740DB1E21079B00CECDDF /* FringesTest.swift */ = {isa = PBXFileReference; fileEncoding = 4; lastKnownFileType = sourcecode.swift; path = FringesTest.swift; sourceTree = "<group>"; };
		880740DD1E21088B00CECDDF /* main.swift */ = {isa = PBXFileReference; fileEncoding = 4; lastKnownFileType = sourcecode.swift; path = main.swift; sourceTree = "<group>"; };
		880740E01E21100200CECDDF /* DashboardViewController.storyboard */ = {isa = PBXFileReference; fileEncoding = 4; lastKnownFileType = file.storyboard; path = DashboardViewController.storyboard; sourceTree = "<group>"; };
		880740E81E2118FC00CECDDF /* DashboardInteractor.swift */ = {isa = PBXFileReference; fileEncoding = 4; lastKnownFileType = sourcecode.swift; path = DashboardInteractor.swift; sourceTree = "<group>"; };
		880741631E2270BC00CECDDF /* SettingsPresenter.swift */ = {isa = PBXFileReference; fileEncoding = 4; lastKnownFileType = sourcecode.swift; path = SettingsPresenter.swift; sourceTree = "<group>"; };
		880741651E22780C00CECDDF /* SettingsViewController.swift */ = {isa = PBXFileReference; fileEncoding = 4; lastKnownFileType = sourcecode.swift; path = SettingsViewController.swift; sourceTree = "<group>"; };
		880741681E227A4D00CECDDF /* UIViewController.swift */ = {isa = PBXFileReference; fileEncoding = 4; lastKnownFileType = sourcecode.swift; path = UIViewController.swift; sourceTree = "<group>"; };
		8807416B1E227AF500CECDDF /* ViewControlling.swift */ = {isa = PBXFileReference; fileEncoding = 4; lastKnownFileType = sourcecode.swift; path = ViewControlling.swift; sourceTree = "<group>"; };
		8807416D1E22858400CECDDF /* SettingsViewControllerFactory.swift */ = {isa = PBXFileReference; fileEncoding = 4; lastKnownFileType = sourcecode.swift; path = SettingsViewControllerFactory.swift; sourceTree = "<group>"; };
		8807416F1E22876700CECDDF /* SettingsViewController.storyboard */ = {isa = PBXFileReference; fileEncoding = 4; lastKnownFileType = file.storyboard; path = SettingsViewController.storyboard; sourceTree = "<group>"; };
		880741711E2287C200CECDDF /* SpecViewController.swift */ = {isa = PBXFileReference; fileEncoding = 4; lastKnownFileType = sourcecode.swift; path = SpecViewController.swift; sourceTree = "<group>"; };
		880741731E22889000CECDDF /* SpecSettingsViewController.swift */ = {isa = PBXFileReference; fileEncoding = 4; lastKnownFileType = sourcecode.swift; path = SpecSettingsViewController.swift; sourceTree = "<group>"; };
		880741751E22896C00CECDDF /* SettingsTests.swift */ = {isa = PBXFileReference; fileEncoding = 4; lastKnownFileType = sourcecode.swift; path = SettingsTests.swift; sourceTree = "<group>"; };
		880741771E22915500CECDDF /* Windowing.swift */ = {isa = PBXFileReference; fileEncoding = 4; lastKnownFileType = sourcecode.swift; path = Windowing.swift; sourceTree = "<group>"; };
		880741791E22919600CECDDF /* UIWindow.swift */ = {isa = PBXFileReference; fileEncoding = 4; lastKnownFileType = sourcecode.swift; path = UIWindow.swift; sourceTree = "<group>"; };
		8807417B1E2292A600CECDDF /* SpecWindow.swift */ = {isa = PBXFileReference; fileEncoding = 4; lastKnownFileType = sourcecode.swift; path = SpecWindow.swift; sourceTree = "<group>"; };
		8807417D1E239A3F00CECDDF /* DashboardPresenterFactory.swift */ = {isa = PBXFileReference; fileEncoding = 4; lastKnownFileType = sourcecode.swift; path = DashboardPresenterFactory.swift; sourceTree = "<group>"; };
		8807417F1E23A4C400CECDDF /* SettingsPresenterFactory.swift */ = {isa = PBXFileReference; fileEncoding = 4; lastKnownFileType = sourcecode.swift; path = SettingsPresenterFactory.swift; sourceTree = "<group>"; };
		885F9CF91E2A265B003ADC21 /* DashboardRouter.swift */ = {isa = PBXFileReference; fileEncoding = 4; lastKnownFileType = sourcecode.swift; path = DashboardRouter.swift; sourceTree = "<group>"; };
		885F9CFB1E2A276E003ADC21 /* DashboardNavPresenter.swift */ = {isa = PBXFileReference; fileEncoding = 4; lastKnownFileType = sourcecode.swift; path = DashboardNavPresenter.swift; sourceTree = "<group>"; };
		885F9CFD1E2A2825003ADC21 /* DashboardNavControllingFactory.swift */ = {isa = PBXFileReference; fileEncoding = 4; lastKnownFileType = sourcecode.swift; path = DashboardNavControllingFactory.swift; sourceTree = "<group>"; };
		885F9CFF1E2A288D003ADC21 /* DashboardNavigationController.swift */ = {isa = PBXFileReference; fileEncoding = 4; lastKnownFileType = sourcecode.swift; path = DashboardNavigationController.swift; sourceTree = "<group>"; };
		885F9D011E2A28EC003ADC21 /* NavigationControlling.swift */ = {isa = PBXFileReference; fileEncoding = 4; lastKnownFileType = sourcecode.swift; path = NavigationControlling.swift; sourceTree = "<group>"; };
		885F9D051E2A302E003ADC21 /* DashboardNavigationPresenterFactory.swift */ = {isa = PBXFileReference; fileEncoding = 4; lastKnownFileType = sourcecode.swift; path = DashboardNavigationPresenterFactory.swift; sourceTree = "<group>"; };
		885F9D081E2A38BF003ADC21 /* SpecDashboardNavigationControlling.swift */ = {isa = PBXFileReference; fileEncoding = 4; lastKnownFileType = sourcecode.swift; path = SpecDashboardNavigationControlling.swift; sourceTree = "<group>"; };
		885F9D0B1E2A396A003ADC21 /* SpecNavigationController.swift */ = {isa = PBXFileReference; fileEncoding = 4; lastKnownFileType = sourcecode.swift; path = SpecNavigationController.swift; sourceTree = "<group>"; };
		885F9D0E1E2A3D65003ADC21 /* UINavigationController.swift */ = {isa = PBXFileReference; fileEncoding = 4; lastKnownFileType = sourcecode.swift; path = UINavigationController.swift; sourceTree = "<group>"; };
		885F9D131E2A4D62003ADC21 /* PushablePresenter.swift */ = {isa = PBXFileReference; fileEncoding = 4; lastKnownFileType = sourcecode.swift; path = PushablePresenter.swift; sourceTree = "<group>"; };
/* End PBXFileReference section */

/* Begin PBXFrameworksBuildPhase section */
		880740A41E1F8C9400CECDDF /* Frameworks */ = {
			isa = PBXFrameworksBuildPhase;
			buildActionMask = 2147483647;
			files = (
			);
			runOnlyForDeploymentPostprocessing = 0;
		};
		880740B81E1F8C9400CECDDF /* Frameworks */ = {
			isa = PBXFrameworksBuildPhase;
			buildActionMask = 2147483647;
			files = (
			);
			runOnlyForDeploymentPostprocessing = 0;
		};
/* End PBXFrameworksBuildPhase section */

/* Begin PBXGroup section */
		8807409E1E1F8C9400CECDDF = {
			isa = PBXGroup;
			children = (
				880740A91E1F8C9400CECDDF /* Source */,
				880740BE1E1F8C9400CECDDF /* Tests */,
				880740A81E1F8C9400CECDDF /* Products */,
			);
			sourceTree = "<group>";
		};
		880740A81E1F8C9400CECDDF /* Products */ = {
			isa = PBXGroup;
			children = (
				880740A71E1F8C9400CECDDF /* FringesExample.app */,
				880740BB1E1F8C9400CECDDF /* FringesExampleTests.xctest */,
			);
			name = Products;
			sourceTree = "<group>";
		};
		880740A91E1F8C9400CECDDF /* Source */ = {
			isa = PBXGroup;
			children = (
				880740CD1E1F935200CECDDF /* Main */,
				885F9CF81E2A2639003ADC21 /* Dashboard Nav */,
				880740CA1E1F911200CECDDF /* Dashboard */,
				880741621E2270A700CECDDF /* Settings */,
				8807416A1E227AE900CECDDF /* Protocols */,
				880741671E227A3F00CECDDF /* Extensions */,
				880740DA1E21076900CECDDF /* Supporting Files */,
			);
			name = Source;
			path = FringesExample;
			sourceTree = "<group>";
		};
		880740BE1E1F8C9400CECDDF /* Tests */ = {
			isa = PBXGroup;
			children = (
				880740BF1E1F8C9400CECDDF /* DashboardTests.swift */,
				880741751E22896C00CECDDF /* SettingsTests.swift */,
				880740D71E21038500CECDDF /* Fakes */,
				880740DB1E21079B00CECDDF /* FringesTest.swift */,
				880740C11E1F8C9400CECDDF /* Info.plist */,
			);
			name = Tests;
			path = FringesExampleTests;
			sourceTree = "<group>";
		};
		880740CA1E1F911200CECDDF /* Dashboard */ = {
			isa = PBXGroup;
			children = (
				880741831E23B3C700CECDDF /* Presenter */,
				885F9D071E2A386C003ADC21 /* Interactor */,
				880741841E23B3D100CECDDF /* View */,
			);
			name = Dashboard;
			sourceTree = "<group>";
		};
		880740CD1E1F935200CECDDF /* Main */ = {
			isa = PBXGroup;
			children = (
				880740DD1E21088B00CECDDF /* main.swift */,
				880740AA1E1F8C9400CECDDF /* AppDelegate.swift */,
				880740CE1E1F939300CECDDF /* AppCoordinator.swift */,
				880740D01E1FCC8700CECDDF /* RootRouter.swift */,
				885F9CF91E2A265B003ADC21 /* DashboardRouter.swift */,
			);
			name = Main;
			sourceTree = "<group>";
		};
		880740D71E21038500CECDDF /* Fakes */ = {
			isa = PBXGroup;
			children = (
				885F9D081E2A38BF003ADC21 /* SpecDashboardNavigationControlling.swift */,
				880740D81E2103A400CECDDF /* SpecDashboardViewController.swift */,
				880741731E22889000CECDDF /* SpecSettingsViewController.swift */,
				880741711E2287C200CECDDF /* SpecViewController.swift */,
				885F9D0B1E2A396A003ADC21 /* SpecNavigationController.swift */,
				8807417B1E2292A600CECDDF /* SpecWindow.swift */,
			);
			name = Fakes;
			sourceTree = "<group>";
		};
		880740DA1E21076900CECDDF /* Supporting Files */ = {
			isa = PBXGroup;
			children = (
				880740B11E1F8C9400CECDDF /* Assets.xcassets */,
				880740B31E1F8C9400CECDDF /* LaunchScreen.storyboard */,
				880740B61E1F8C9400CECDDF /* Info.plist */,
			);
			name = "Supporting Files";
			sourceTree = "<group>";
		};
		880741621E2270A700CECDDF /* Settings */ = {
			isa = PBXGroup;
			children = (
				880741811E23B3AC00CECDDF /* Presenter */,
				880741821E23B3B500CECDDF /* View */,
			);
			name = Settings;
			sourceTree = "<group>";
		};
		880741671E227A3F00CECDDF /* Extensions */ = {
			isa = PBXGroup;
			children = (
				880741681E227A4D00CECDDF /* UIViewController.swift */,
				885F9D0E1E2A3D65003ADC21 /* UINavigationController.swift */,
				880741791E22919600CECDDF /* UIWindow.swift */,
			);
			name = Extensions;
			sourceTree = "<group>";
		};
		8807416A1E227AE900CECDDF /* Protocols */ = {
			isa = PBXGroup;
			children = (
				885F9D121E2A4D49003ADC21 /* UIKit Abstraction */,
				885F9D131E2A4D62003ADC21 /* PushablePresenter.swift */,
			);
			name = Protocols;
			sourceTree = "<group>";
		};
		880741811E23B3AC00CECDDF /* Presenter */ = {
			isa = PBXGroup;
			children = (
				8807417F1E23A4C400CECDDF /* SettingsPresenterFactory.swift */,
				880741631E2270BC00CECDDF /* SettingsPresenter.swift */,
			);
			name = Presenter;
			sourceTree = "<group>";
		};
		880741821E23B3B500CECDDF /* View */ = {
			isa = PBXGroup;
			children = (
				8807416D1E22858400CECDDF /* SettingsViewControllerFactory.swift */,
				880741651E22780C00CECDDF /* SettingsViewController.swift */,
				8807416F1E22876700CECDDF /* SettingsViewController.storyboard */,
			);
			name = View;
			sourceTree = "<group>";
		};
		880741831E23B3C700CECDDF /* Presenter */ = {
			isa = PBXGroup;
			children = (
				8807417D1E239A3F00CECDDF /* DashboardPresenterFactory.swift */,
				880740CB1E1F916700CECDDF /* DashboardPresenter.swift */,
			);
			name = Presenter;
			sourceTree = "<group>";
		};
		880741841E23B3D100CECDDF /* View */ = {
			isa = PBXGroup;
			children = (
				880740D51E201C2300CECDDF /* DashboardViewControllingFactory.swift */,
				880740AC1E1F8C9400CECDDF /* DashboardViewController.swift */,
				880740E01E21100200CECDDF /* DashboardViewController.storyboard */,
			);
			name = View;
			sourceTree = "<group>";
		};
		885F9CF81E2A2639003ADC21 /* Dashboard Nav */ = {
			isa = PBXGroup;
			children = (
				885F9D031E2A2FE4003ADC21 /* Presenter */,
				885F9D041E2A2FEC003ADC21 /* View */,
			);
			name = "Dashboard Nav";
			sourceTree = "<group>";
		};
		885F9D031E2A2FE4003ADC21 /* Presenter */ = {
			isa = PBXGroup;
			children = (
				885F9D051E2A302E003ADC21 /* DashboardNavigationPresenterFactory.swift */,
				885F9CFB1E2A276E003ADC21 /* DashboardNavPresenter.swift */,
			);
			name = Presenter;
			sourceTree = "<group>";
		};
		885F9D041E2A2FEC003ADC21 /* View */ = {
			isa = PBXGroup;
			children = (
				885F9CFD1E2A2825003ADC21 /* DashboardNavControllingFactory.swift */,
				885F9CFF1E2A288D003ADC21 /* DashboardNavigationController.swift */,
			);
			name = View;
			sourceTree = "<group>";
		};
		885F9D071E2A386C003ADC21 /* Interactor */ = {
			isa = PBXGroup;
			children = (
				880740E81E2118FC00CECDDF /* DashboardInteractor.swift */,
			);
			name = Interactor;
			sourceTree = "<group>";
		};
		885F9D121E2A4D49003ADC21 /* UIKit Abstraction */ = {
			isa = PBXGroup;
			children = (
				8807416B1E227AF500CECDDF /* ViewControlling.swift */,
				885F9D011E2A28EC003ADC21 /* NavigationControlling.swift */,
				880741771E22915500CECDDF /* Windowing.swift */,
			);
			name = "UIKit Abstraction";
			sourceTree = "<group>";
		};
/* End PBXGroup section */

/* Begin PBXNativeTarget section */
		880740A61E1F8C9400CECDDF /* FringesExample */ = {
			isa = PBXNativeTarget;
			buildConfigurationList = 880740C41E1F8C9400CECDDF /* Build configuration list for PBXNativeTarget "FringesExample" */;
			buildPhases = (
				880740A31E1F8C9400CECDDF /* Sources */,
				880740A41E1F8C9400CECDDF /* Frameworks */,
				880740A51E1F8C9400CECDDF /* Resources */,
			);
			buildRules = (
			);
			dependencies = (
			);
			name = FringesExample;
			productName = FringesExample;
			productReference = 880740A71E1F8C9400CECDDF /* FringesExample.app */;
			productType = "com.apple.product-type.application";
		};
		880740BA1E1F8C9400CECDDF /* FringesExampleTests */ = {
			isa = PBXNativeTarget;
			buildConfigurationList = 880740C71E1F8C9400CECDDF /* Build configuration list for PBXNativeTarget "FringesExampleTests" */;
			buildPhases = (
				880740B71E1F8C9400CECDDF /* Sources */,
				880740B81E1F8C9400CECDDF /* Frameworks */,
				880740B91E1F8C9400CECDDF /* Resources */,
			);
			buildRules = (
			);
			dependencies = (
				880740BD1E1F8C9400CECDDF /* PBXTargetDependency */,
			);
			name = FringesExampleTests;
			productName = FringesExampleTests;
			productReference = 880740BB1E1F8C9400CECDDF /* FringesExampleTests.xctest */;
			productType = "com.apple.product-type.bundle.unit-test";
		};
/* End PBXNativeTarget section */

/* Begin PBXProject section */
		8807409F1E1F8C9400CECDDF /* Project object */ = {
			isa = PBXProject;
			attributes = {
				LastSwiftUpdateCheck = 0820;
				LastUpgradeCheck = 0820;
				ORGANIZATIONNAME = solidcell;
				TargetAttributes = {
					880740A61E1F8C9400CECDDF = {
						CreatedOnToolsVersion = 8.2.1;
						ProvisioningStyle = Automatic;
					};
					880740BA1E1F8C9400CECDDF = {
						CreatedOnToolsVersion = 8.2.1;
						ProvisioningStyle = Automatic;
						TestTargetID = 880740A61E1F8C9400CECDDF;
					};
				};
			};
			buildConfigurationList = 880740A21E1F8C9400CECDDF /* Build configuration list for PBXProject "FringesExample" */;
			compatibilityVersion = "Xcode 3.2";
			developmentRegion = English;
			hasScannedForEncodings = 0;
			knownRegions = (
				en,
				Base,
			);
			mainGroup = 8807409E1E1F8C9400CECDDF;
			productRefGroup = 880740A81E1F8C9400CECDDF /* Products */;
			projectDirPath = "";
			projectRoot = "";
			targets = (
				880740A61E1F8C9400CECDDF /* FringesExample */,
				880740BA1E1F8C9400CECDDF /* FringesExampleTests */,
			);
		};
/* End PBXProject section */

/* Begin PBXResourcesBuildPhase section */
		880740A51E1F8C9400CECDDF /* Resources */ = {
			isa = PBXResourcesBuildPhase;
			buildActionMask = 2147483647;
			files = (
				880741701E22876700CECDDF /* SettingsViewController.storyboard in Resources */,
				880740E21E21100A00CECDDF /* DashboardViewController.storyboard in Resources */,
				880740B51E1F8C9400CECDDF /* LaunchScreen.storyboard in Resources */,
				880740B21E1F8C9400CECDDF /* Assets.xcassets in Resources */,
			);
			runOnlyForDeploymentPostprocessing = 0;
		};
		880740B91E1F8C9400CECDDF /* Resources */ = {
			isa = PBXResourcesBuildPhase;
			buildActionMask = 2147483647;
			files = (
			);
			runOnlyForDeploymentPostprocessing = 0;
		};
/* End PBXResourcesBuildPhase section */

/* Begin PBXSourcesBuildPhase section */
		880740A31E1F8C9400CECDDF /* Sources */ = {
			isa = PBXSourcesBuildPhase;
			buildActionMask = 2147483647;
			files = (
				880740CF1E1F939300CECDDF /* AppCoordinator.swift in Sources */,
				8807416E1E22858400CECDDF /* SettingsViewControllerFactory.swift in Sources */,
				880741801E23A4C400CECDDF /* SettingsPresenterFactory.swift in Sources */,
				8807417E1E239A3F00CECDDF /* DashboardPresenterFactory.swift in Sources */,
				885F9D001E2A288D003ADC21 /* DashboardNavigationController.swift in Sources */,
				880741781E22915500CECDDF /* Windowing.swift in Sources */,
				880740DF1E2108CE00CECDDF /* main.swift in Sources */,
				880740D11E1FCC8700CECDDF /* RootRouter.swift in Sources */,
				885F9CFA1E2A265B003ADC21 /* DashboardRouter.swift in Sources */,
				885F9D0F1E2A3D65003ADC21 /* UINavigationController.swift in Sources */,
				880741691E227A4D00CECDDF /* UIViewController.swift in Sources */,
				880741661E22780C00CECDDF /* SettingsViewController.swift in Sources */,
				880740AD1E1F8C9400CECDDF /* DashboardViewController.swift in Sources */,
				880740E91E2118FC00CECDDF /* DashboardInteractor.swift in Sources */,
				880741641E2270BC00CECDDF /* SettingsPresenter.swift in Sources */,
				880740CC1E1F916700CECDDF /* DashboardPresenter.swift in Sources */,
				885F9D021E2A28EC003ADC21 /* NavigationControlling.swift in Sources */,
				885F9D141E2A4D62003ADC21 /* PushablePresenter.swift in Sources */,
				880740AB1E1F8C9400CECDDF /* AppDelegate.swift in Sources */,
				8807417A1E22919600CECDDF /* UIWindow.swift in Sources */,
				885F9D061E2A302E003ADC21 /* DashboardNavigationPresenterFactory.swift in Sources */,
				885F9CFC1E2A276E003ADC21 /* DashboardNavPresenter.swift in Sources */,
				8807416C1E227AF500CECDDF /* ViewControlling.swift in Sources */,
				880740D61E201C2300CECDDF /* DashboardViewControllingFactory.swift in Sources */,
				885F9CFE1E2A2825003ADC21 /* DashboardNavControllingFactory.swift in Sources */,
			);
			runOnlyForDeploymentPostprocessing = 0;
		};
		880740B71E1F8C9400CECDDF /* Sources */ = {
			isa = PBXSourcesBuildPhase;
			buildActionMask = 2147483647;
			files = (
				880741761E22896C00CECDDF /* SettingsTests.swift in Sources */,
				885F9D0A1E2A3939003ADC21 /* SpecDashboardNavigationControlling.swift in Sources */,
				880740DC1E21079B00CECDDF /* FringesTest.swift in Sources */,
				880741721E2287C200CECDDF /* SpecViewController.swift in Sources */,
				8807417C1E2292A600CECDDF /* SpecWindow.swift in Sources */,
				880740C01E1F8C9400CECDDF /* DashboardTests.swift in Sources */,
				885F9D0D1E2A3979003ADC21 /* SpecNavigationController.swift in Sources */,
				880741741E22889000CECDDF /* SpecSettingsViewController.swift in Sources */,
				880740D91E2103A400CECDDF /* SpecDashboardViewController.swift in Sources */,
			);
			runOnlyForDeploymentPostprocessing = 0;
		};
/* End PBXSourcesBuildPhase section */

/* Begin PBXTargetDependency section */
		880740BD1E1F8C9400CECDDF /* PBXTargetDependency */ = {
			isa = PBXTargetDependency;
			target = 880740A61E1F8C9400CECDDF /* FringesExample */;
			targetProxy = 880740BC1E1F8C9400CECDDF /* PBXContainerItemProxy */;
		};
/* End PBXTargetDependency section */

/* Begin PBXVariantGroup section */
		880740B31E1F8C9400CECDDF /* LaunchScreen.storyboard */ = {
			isa = PBXVariantGroup;
			children = (
				880740B41E1F8C9400CECDDF /* Base */,
			);
			name = LaunchScreen.storyboard;
			sourceTree = "<group>";
		};
/* End PBXVariantGroup section */

/* Begin XCBuildConfiguration section */
		880740C21E1F8C9400CECDDF /* Debug */ = {
			isa = XCBuildConfiguration;
			buildSettings = {
				ALWAYS_SEARCH_USER_PATHS = NO;
				CLANG_ANALYZER_NONNULL = YES;
				CLANG_CXX_LANGUAGE_STANDARD = "gnu++0x";
				CLANG_CXX_LIBRARY = "libc++";
				CLANG_ENABLE_MODULES = YES;
				CLANG_ENABLE_OBJC_ARC = YES;
				CLANG_WARN_BOOL_CONVERSION = YES;
				CLANG_WARN_CONSTANT_CONVERSION = YES;
				CLANG_WARN_DIRECT_OBJC_ISA_USAGE = YES_ERROR;
				CLANG_WARN_DOCUMENTATION_COMMENTS = YES;
				CLANG_WARN_EMPTY_BODY = YES;
				CLANG_WARN_ENUM_CONVERSION = YES;
				CLANG_WARN_INFINITE_RECURSION = YES;
				CLANG_WARN_INT_CONVERSION = YES;
				CLANG_WARN_OBJC_ROOT_CLASS = YES_ERROR;
				CLANG_WARN_SUSPICIOUS_MOVE = YES;
				CLANG_WARN_UNREACHABLE_CODE = YES;
				CLANG_WARN__DUPLICATE_METHOD_MATCH = YES;
				"CODE_SIGN_IDENTITY[sdk=iphoneos*]" = "iPhone Developer";
				COPY_PHASE_STRIP = NO;
				DEBUG_INFORMATION_FORMAT = dwarf;
				ENABLE_STRICT_OBJC_MSGSEND = YES;
				ENABLE_TESTABILITY = YES;
				GCC_C_LANGUAGE_STANDARD = gnu99;
				GCC_DYNAMIC_NO_PIC = NO;
				GCC_NO_COMMON_BLOCKS = YES;
				GCC_OPTIMIZATION_LEVEL = 0;
				GCC_PREPROCESSOR_DEFINITIONS = (
					"DEBUG=1",
					"$(inherited)",
				);
				GCC_WARN_64_TO_32_BIT_CONVERSION = YES;
				GCC_WARN_ABOUT_RETURN_TYPE = YES_ERROR;
				GCC_WARN_UNDECLARED_SELECTOR = YES;
				GCC_WARN_UNINITIALIZED_AUTOS = YES_AGGRESSIVE;
				GCC_WARN_UNUSED_FUNCTION = YES;
				GCC_WARN_UNUSED_VARIABLE = YES;
				IPHONEOS_DEPLOYMENT_TARGET = 10.2;
				MTL_ENABLE_DEBUG_INFO = YES;
				ONLY_ACTIVE_ARCH = YES;
				SDKROOT = iphoneos;
				SWIFT_ACTIVE_COMPILATION_CONDITIONS = DEBUG;
				SWIFT_OPTIMIZATION_LEVEL = "-Onone";
			};
			name = Debug;
		};
		880740C31E1F8C9400CECDDF /* Release */ = {
			isa = XCBuildConfiguration;
			buildSettings = {
				ALWAYS_SEARCH_USER_PATHS = NO;
				CLANG_ANALYZER_NONNULL = YES;
				CLANG_CXX_LANGUAGE_STANDARD = "gnu++0x";
				CLANG_CXX_LIBRARY = "libc++";
				CLANG_ENABLE_MODULES = YES;
				CLANG_ENABLE_OBJC_ARC = YES;
				CLANG_WARN_BOOL_CONVERSION = YES;
				CLANG_WARN_CONSTANT_CONVERSION = YES;
				CLANG_WARN_DIRECT_OBJC_ISA_USAGE = YES_ERROR;
				CLANG_WARN_DOCUMENTATION_COMMENTS = YES;
				CLANG_WARN_EMPTY_BODY = YES;
				CLANG_WARN_ENUM_CONVERSION = YES;
				CLANG_WARN_INFINITE_RECURSION = YES;
				CLANG_WARN_INT_CONVERSION = YES;
				CLANG_WARN_OBJC_ROOT_CLASS = YES_ERROR;
				CLANG_WARN_SUSPICIOUS_MOVE = YES;
				CLANG_WARN_UNREACHABLE_CODE = YES;
				CLANG_WARN__DUPLICATE_METHOD_MATCH = YES;
				"CODE_SIGN_IDENTITY[sdk=iphoneos*]" = "iPhone Developer";
				COPY_PHASE_STRIP = NO;
				DEBUG_INFORMATION_FORMAT = "dwarf-with-dsym";
				ENABLE_NS_ASSERTIONS = NO;
				ENABLE_STRICT_OBJC_MSGSEND = YES;
				GCC_C_LANGUAGE_STANDARD = gnu99;
				GCC_NO_COMMON_BLOCKS = YES;
				GCC_WARN_64_TO_32_BIT_CONVERSION = YES;
				GCC_WARN_ABOUT_RETURN_TYPE = YES_ERROR;
				GCC_WARN_UNDECLARED_SELECTOR = YES;
				GCC_WARN_UNINITIALIZED_AUTOS = YES_AGGRESSIVE;
				GCC_WARN_UNUSED_FUNCTION = YES;
				GCC_WARN_UNUSED_VARIABLE = YES;
				IPHONEOS_DEPLOYMENT_TARGET = 10.2;
				MTL_ENABLE_DEBUG_INFO = NO;
				SDKROOT = iphoneos;
				SWIFT_OPTIMIZATION_LEVEL = "-Owholemodule";
				VALIDATE_PRODUCT = YES;
			};
			name = Release;
		};
		880740C51E1F8C9400CECDDF /* Debug */ = {
			isa = XCBuildConfiguration;
			buildSettings = {
				ASSETCATALOG_COMPILER_APPICON_NAME = AppIcon;
				INFOPLIST_FILE = FringesExample/Info.plist;
				LD_RUNPATH_SEARCH_PATHS = "$(inherited) @executable_path/Frameworks";
				PRODUCT_BUNDLE_IDENTIFIER = com.solidcell.FringesExample;
				PRODUCT_NAME = "$(TARGET_NAME)";
				SWIFT_VERSION = 3.0;
			};
			name = Debug;
		};
		880740C61E1F8C9400CECDDF /* Release */ = {
			isa = XCBuildConfiguration;
			buildSettings = {
				ASSETCATALOG_COMPILER_APPICON_NAME = AppIcon;
				INFOPLIST_FILE = FringesExample/Info.plist;
				LD_RUNPATH_SEARCH_PATHS = "$(inherited) @executable_path/Frameworks";
				PRODUCT_BUNDLE_IDENTIFIER = com.solidcell.FringesExample;
				PRODUCT_NAME = "$(TARGET_NAME)";
				SWIFT_VERSION = 3.0;
			};
			name = Release;
		};
		880740C81E1F8C9400CECDDF /* Debug */ = {
			isa = XCBuildConfiguration;
			buildSettings = {
				ALWAYS_EMBED_SWIFT_STANDARD_LIBRARIES = YES;
				BUNDLE_LOADER = "$(TEST_HOST)";
				INFOPLIST_FILE = FringesExampleTests/Info.plist;
				LD_RUNPATH_SEARCH_PATHS = "$(inherited) @executable_path/Frameworks @loader_path/Frameworks";
				PRODUCT_BUNDLE_IDENTIFIER = com.solidcell.FringesExampleTests;
				PRODUCT_NAME = "$(TARGET_NAME)";
				SWIFT_VERSION = 3.0;
				TEST_HOST = "$(BUILT_PRODUCTS_DIR)/FringesExample.app/FringesExample";
			};
			name = Debug;
		};
		880740C91E1F8C9400CECDDF /* Release */ = {
			isa = XCBuildConfiguration;
			buildSettings = {
				ALWAYS_EMBED_SWIFT_STANDARD_LIBRARIES = YES;
				BUNDLE_LOADER = "$(TEST_HOST)";
				INFOPLIST_FILE = FringesExampleTests/Info.plist;
				LD_RUNPATH_SEARCH_PATHS = "$(inherited) @executable_path/Frameworks @loader_path/Frameworks";
				PRODUCT_BUNDLE_IDENTIFIER = com.solidcell.FringesExampleTests;
				PRODUCT_NAME = "$(TARGET_NAME)";
				SWIFT_VERSION = 3.0;
				TEST_HOST = "$(BUILT_PRODUCTS_DIR)/FringesExample.app/FringesExample";
			};
			name = Release;
		};
/* End XCBuildConfiguration section */

/* Begin XCConfigurationList section */
		880740A21E1F8C9400CECDDF /* Build configuration list for PBXProject "FringesExample" */ = {
			isa = XCConfigurationList;
			buildConfigurations = (
				880740C21E1F8C9400CECDDF /* Debug */,
				880740C31E1F8C9400CECDDF /* Release */,
			);
			defaultConfigurationIsVisible = 0;
			defaultConfigurationName = Release;
		};
		880740C41E1F8C9400CECDDF /* Build configuration list for PBXNativeTarget "FringesExample" */ = {
			isa = XCConfigurationList;
			buildConfigurations = (
				880740C51E1F8C9400CECDDF /* Debug */,
				880740C61E1F8C9400CECDDF /* Release */,
			);
			defaultConfigurationIsVisible = 0;
			defaultConfigurationName = Release;
		};
		880740C71E1F8C9400CECDDF /* Build configuration list for PBXNativeTarget "FringesExampleTests" */ = {
			isa = XCConfigurationList;
			buildConfigurations = (
				880740C81E1F8C9400CECDDF /* Debug */,
				880740C91E1F8C9400CECDDF /* Release */,
			);
			defaultConfigurationIsVisible = 0;
			defaultConfigurationName = Release;
		};
/* End XCConfigurationList section */
	};
	rootObject = 8807409F1E1F8C9400CECDDF /* Project object */;
}
