// !$*UTF8*$!
{
	archiveVersion = 1;
	classes = {
	};
	objectVersion = 46;
	objects = {

/* Begin PBXBuildFile section */
		880740AB1E1F8C9400CECDDF /* AppDelegate.swift in Sources */ = {isa = PBXBuildFile; fileRef = 880740AA1E1F8C9400CECDDF /* AppDelegate.swift */; };
		880740AD1E1F8C9400CECDDF /* DashboardViewController.swift in Sources */ = {isa = PBXBuildFile; fileRef = 880740AC1E1F8C9400CECDDF /* DashboardViewController.swift */; };
		880740B21E1F8C9400CECDDF /* Assets.xcassets in Resources */ = {isa = PBXBuildFile; fileRef = 880740B11E1F8C9400CECDDF /* Assets.xcassets */; };
		880740B51E1F8C9400CECDDF /* LaunchScreen.storyboard in Resources */ = {isa = PBXBuildFile; fileRef = 880740B31E1F8C9400CECDDF /* LaunchScreen.storyboard */; };
		880740C01E1F8C9400CECDDF /* FringesExampleTests.swift in Sources */ = {isa = PBXBuildFile; fileRef = 880740BF1E1F8C9400CECDDF /* FringesExampleTests.swift */; };
		880740CC1E1F916700CECDDF /* DashboardPresenter.swift in Sources */ = {isa = PBXBuildFile; fileRef = 880740CB1E1F916700CECDDF /* DashboardPresenter.swift */; };
		880740CF1E1F939300CECDDF /* AppCoordinator.swift in Sources */ = {isa = PBXBuildFile; fileRef = 880740CE1E1F939300CECDDF /* AppCoordinator.swift */; };
		880740D11E1FCC8700CECDDF /* RootRouter.swift in Sources */ = {isa = PBXBuildFile; fileRef = 880740D01E1FCC8700CECDDF /* RootRouter.swift */; };
		880740D31E1FCDDB00CECDDF /* DashboardRouter.swift in Sources */ = {isa = PBXBuildFile; fileRef = 880740D21E1FCDDB00CECDDF /* DashboardRouter.swift */; };
/* End PBXBuildFile section */

/* Begin PBXContainerItemProxy section */
		880740BC1E1F8C9400CECDDF /* PBXContainerItemProxy */ = {
			isa = PBXContainerItemProxy;
			containerPortal = 8807409F1E1F8C9400CECDDF /* Project object */;
			proxyType = 1;
			remoteGlobalIDString = 880740A61E1F8C9400CECDDF;
			remoteInfo = FringesExample;
		};
/* End PBXContainerItemProxy section */

/* Begin PBXFileReference section */
		880740A71E1F8C9400CECDDF /* FringesExample.app */ = {isa = PBXFileReference; explicitFileType = wrapper.application; includeInIndex = 0; path = FringesExample.app; sourceTree = BUILT_PRODUCTS_DIR; };
		880740AA1E1F8C9400CECDDF /* AppDelegate.swift */ = {isa = PBXFileReference; lastKnownFileType = sourcecode.swift; path = AppDelegate.swift; sourceTree = "<group>"; };
		880740AC1E1F8C9400CECDDF /* DashboardViewController.swift */ = {isa = PBXFileReference; lastKnownFileType = sourcecode.swift; path = DashboardViewController.swift; sourceTree = "<group>"; };
		880740B11E1F8C9400CECDDF /* Assets.xcassets */ = {isa = PBXFileReference; lastKnownFileType = folder.assetcatalog; path = Assets.xcassets; sourceTree = "<group>"; };
		880740B41E1F8C9400CECDDF /* Base */ = {isa = PBXFileReference; lastKnownFileType = file.storyboard; name = Base; path = Base.lproj/LaunchScreen.storyboard; sourceTree = "<group>"; };
		880740B61E1F8C9400CECDDF /* Info.plist */ = {isa = PBXFileReference; lastKnownFileType = text.plist.xml; path = Info.plist; sourceTree = "<group>"; };
		880740BB1E1F8C9400CECDDF /* FringesExampleTests.xctest */ = {isa = PBXFileReference; explicitFileType = wrapper.cfbundle; includeInIndex = 0; path = FringesExampleTests.xctest; sourceTree = BUILT_PRODUCTS_DIR; };
		880740BF1E1F8C9400CECDDF /* FringesExampleTests.swift */ = {isa = PBXFileReference; lastKnownFileType = sourcecode.swift; path = FringesExampleTests.swift; sourceTree = "<group>"; };
		880740C11E1F8C9400CECDDF /* Info.plist */ = {isa = PBXFileReference; lastKnownFileType = text.plist.xml; path = Info.plist; sourceTree = "<group>"; };
		880740CB1E1F916700CECDDF /* DashboardPresenter.swift */ = {isa = PBXFileReference; fileEncoding = 4; lastKnownFileType = sourcecode.swift; path = DashboardPresenter.swift; sourceTree = "<group>"; };
		880740CE1E1F939300CECDDF /* AppCoordinator.swift */ = {isa = PBXFileReference; fileEncoding = 4; lastKnownFileType = sourcecode.swift; path = AppCoordinator.swift; sourceTree = "<group>"; };
		880740D01E1FCC8700CECDDF /* RootRouter.swift */ = {isa = PBXFileReference; fileEncoding = 4; lastKnownFileType = sourcecode.swift; path = RootRouter.swift; sourceTree = "<group>"; };
		880740D21E1FCDDB00CECDDF /* DashboardRouter.swift */ = {isa = PBXFileReference; fileEncoding = 4; lastKnownFileType = sourcecode.swift; path = DashboardRouter.swift; sourceTree = "<group>"; };
/* End PBXFileReference section */

/* Begin PBXFrameworksBuildPhase section */
		880740A41E1F8C9400CECDDF /* Frameworks */ = {
			isa = PBXFrameworksBuildPhase;
			buildActionMask = 2147483647;
			files = (
			);
			runOnlyForDeploymentPostprocessing = 0;
		};
		880740B81E1F8C9400CECDDF /* Frameworks */ = {
			isa = PBXFrameworksBuildPhase;
			buildActionMask = 2147483647;
			files = (
			);
			runOnlyForDeploymentPostprocessing = 0;
		};
/* End PBXFrameworksBuildPhase section */

/* Begin PBXGroup section */
		8807409E1E1F8C9400CECDDF = {
			isa = PBXGroup;
			children = (
				880740A91E1F8C9400CECDDF /* FringesExample */,
				880740BE1E1F8C9400CECDDF /* FringesExampleTests */,
				880740A81E1F8C9400CECDDF /* Products */,
			);
			sourceTree = "<group>";
		};
		880740A81E1F8C9400CECDDF /* Products */ = {
			isa = PBXGroup;
			children = (
				880740A71E1F8C9400CECDDF /* FringesExample.app */,
				880740BB1E1F8C9400CECDDF /* FringesExampleTests.xctest */,
			);
			name = Products;
			sourceTree = "<group>";
		};
		880740A91E1F8C9400CECDDF /* FringesExample */ = {
			isa = PBXGroup;
			children = (
				880740CD1E1F935200CECDDF /* Main */,
				880740CA1E1F911200CECDDF /* Dashboard */,
				880740B11E1F8C9400CECDDF /* Assets.xcassets */,
				880740B31E1F8C9400CECDDF /* LaunchScreen.storyboard */,
				880740B61E1F8C9400CECDDF /* Info.plist */,
			);
			path = FringesExample;
			sourceTree = "<group>";
		};
		880740BE1E1F8C9400CECDDF /* FringesExampleTests */ = {
			isa = PBXGroup;
			children = (
				880740BF1E1F8C9400CECDDF /* FringesExampleTests.swift */,
				880740C11E1F8C9400CECDDF /* Info.plist */,
			);
			path = FringesExampleTests;
			sourceTree = "<group>";
		};
		880740CA1E1F911200CECDDF /* Dashboard */ = {
			isa = PBXGroup;
			children = (
				880740D21E1FCDDB00CECDDF /* DashboardRouter.swift */,
				880740CB1E1F916700CECDDF /* DashboardPresenter.swift */,
				880740AC1E1F8C9400CECDDF /* DashboardViewController.swift */,
			);
			name = Dashboard;
			sourceTree = "<group>";
		};
		880740CD1E1F935200CECDDF /* Main */ = {
			isa = PBXGroup;
			children = (
				880740AA1E1F8C9400CECDDF /* AppDelegate.swift */,
				880740CE1E1F939300CECDDF /* AppCoordinator.swift */,
				880740D01E1FCC8700CECDDF /* RootRouter.swift */,
			);
			name = Main;
			sourceTree = "<group>";
		};
/* End PBXGroup section */

/* Begin PBXNativeTarget section */
		880740A61E1F8C9400CECDDF /* FringesExample */ = {
			isa = PBXNativeTarget;
			buildConfigurationList = 880740C41E1F8C9400CECDDF /* Build configuration list for PBXNativeTarget "FringesExample" */;
			buildPhases = (
				880740A31E1F8C9400CECDDF /* Sources */,
				880740A41E1F8C9400CECDDF /* Frameworks */,
				880740A51E1F8C9400CECDDF /* Resources */,
			);
			buildRules = (
			);
			dependencies = (
			);
			name = FringesExample;
			productName = FringesExample;
			productReference = 880740A71E1F8C9400CECDDF /* FringesExample.app */;
			productType = "com.apple.product-type.application";
		};
		880740BA1E1F8C9400CECDDF /* FringesExampleTests */ = {
			isa = PBXNativeTarget;
			buildConfigurationList = 880740C71E1F8C9400CECDDF /* Build configuration list for PBXNativeTarget "FringesExampleTests" */;
			buildPhases = (
				880740B71E1F8C9400CECDDF /* Sources */,
				880740B81E1F8C9400CECDDF /* Frameworks */,
				880740B91E1F8C9400CECDDF /* Resources */,
			);
			buildRules = (
			);
			dependencies = (
				880740BD1E1F8C9400CECDDF /* PBXTargetDependency */,
			);
			name = FringesExampleTests;
			productName = FringesExampleTests;
			productReference = 880740BB1E1F8C9400CECDDF /* FringesExampleTests.xctest */;
			productType = "com.apple.product-type.bundle.unit-test";
		};
/* End PBXNativeTarget section */

/* Begin PBXProject section */
		8807409F1E1F8C9400CECDDF /* Project object */ = {
			isa = PBXProject;
			attributes = {
				LastSwiftUpdateCheck = 0820;
				LastUpgradeCheck = 0820;
				ORGANIZATIONNAME = solidcell;
				TargetAttributes = {
					880740A61E1F8C9400CECDDF = {
						CreatedOnToolsVersion = 8.2.1;
						ProvisioningStyle = Automatic;
					};
					880740BA1E1F8C9400CECDDF = {
						CreatedOnToolsVersion = 8.2.1;
						ProvisioningStyle = Automatic;
						TestTargetID = 880740A61E1F8C9400CECDDF;
					};
				};
			};
			buildConfigurationList = 880740A21E1F8C9400CECDDF /* Build configuration list for PBXProject "FringesExample" */;
			compatibilityVersion = "Xcode 3.2";
			developmentRegion = English;
			hasScannedForEncodings = 0;
			knownRegions = (
				en,
				Base,
			);
			mainGroup = 8807409E1E1F8C9400CECDDF;
			productRefGroup = 880740A81E1F8C9400CECDDF /* Products */;
			projectDirPath = "";
			projectRoot = "";
			targets = (
				880740A61E1F8C9400CECDDF /* FringesExample */,
				880740BA1E1F8C9400CECDDF /* FringesExampleTests */,
			);
		};
/* End PBXProject section */

/* Begin PBXResourcesBuildPhase section */
		880740A51E1F8C9400CECDDF /* Resources */ = {
			isa = PBXResourcesBuildPhase;
			buildActionMask = 2147483647;
			files = (
				880740B51E1F8C9400CECDDF /* LaunchScreen.storyboard in Resources */,
				880740B21E1F8C9400CECDDF /* Assets.xcassets in Resources */,
			);
			runOnlyForDeploymentPostprocessing = 0;
		};
		880740B91E1F8C9400CECDDF /* Resources */ = {
			isa = PBXResourcesBuildPhase;
			buildActionMask = 2147483647;
			files = (
			);
			runOnlyForDeploymentPostprocessing = 0;
		};
/* End PBXResourcesBuildPhase section */

/* Begin PBXSourcesBuildPhase section */
		880740A31E1F8C9400CECDDF /* Sources */ = {
			isa = PBXSourcesBuildPhase;
			buildActionMask = 2147483647;
			files = (
				880740CF1E1F939300CECDDF /* AppCoordinator.swift in Sources */,
				880740D31E1FCDDB00CECDDF /* DashboardRouter.swift in Sources */,
				880740D11E1FCC8700CECDDF /* RootRouter.swift in Sources */,
				880740AD1E1F8C9400CECDDF /* DashboardViewController.swift in Sources */,
				880740CC1E1F916700CECDDF /* DashboardPresenter.swift in Sources */,
				880740AB1E1F8C9400CECDDF /* AppDelegate.swift in Sources */,
			);
			runOnlyForDeploymentPostprocessing = 0;
		};
		880740B71E1F8C9400CECDDF /* Sources */ = {
			isa = PBXSourcesBuildPhase;
			buildActionMask = 2147483647;
			files = (
				880740C01E1F8C9400CECDDF /* FringesExampleTests.swift in Sources */,
			);
			runOnlyForDeploymentPostprocessing = 0;
		};
/* End PBXSourcesBuildPhase section */

/* Begin PBXTargetDependency section */
		880740BD1E1F8C9400CECDDF /* PBXTargetDependency */ = {
			isa = PBXTargetDependency;
			target = 880740A61E1F8C9400CECDDF /* FringesExample */;
			targetProxy = 880740BC1E1F8C9400CECDDF /* PBXContainerItemProxy */;
		};
/* End PBXTargetDependency section */

/* Begin PBXVariantGroup section */
		880740B31E1F8C9400CECDDF /* LaunchScreen.storyboard */ = {
			isa = PBXVariantGroup;
			children = (
				880740B41E1F8C9400CECDDF /* Base */,
			);
			name = LaunchScreen.storyboard;
			sourceTree = "<group>";
		};
/* End PBXVariantGroup section */

/* Begin XCBuildConfiguration section */
		880740C21E1F8C9400CECDDF /* Debug */ = {
			isa = XCBuildConfiguration;
			buildSettings = {
				ALWAYS_SEARCH_USER_PATHS = NO;
				CLANG_ANALYZER_NONNULL = YES;
				CLANG_CXX_LANGUAGE_STANDARD = "gnu++0x";
				CLANG_CXX_LIBRARY = "libc++";
				CLANG_ENABLE_MODULES = YES;
				CLANG_ENABLE_OBJC_ARC = YES;
				CLANG_WARN_BOOL_CONVERSION = YES;
				CLANG_WARN_CONSTANT_CONVERSION = YES;
				CLANG_WARN_DIRECT_OBJC_ISA_USAGE = YES_ERROR;
				CLANG_WARN_DOCUMENTATION_COMMENTS = YES;
				CLANG_WARN_EMPTY_BODY = YES;
				CLANG_WARN_ENUM_CONVERSION = YES;
				CLANG_WARN_INFINITE_RECURSION = YES;
				CLANG_WARN_INT_CONVERSION = YES;
				CLANG_WARN_OBJC_ROOT_CLASS = YES_ERROR;
				CLANG_WARN_SUSPICIOUS_MOVE = YES;
				CLANG_WARN_UNREACHABLE_CODE = YES;
				CLANG_WARN__DUPLICATE_METHOD_MATCH = YES;
				"CODE_SIGN_IDENTITY[sdk=iphoneos*]" = "iPhone Developer";
				COPY_PHASE_STRIP = NO;
				DEBUG_INFORMATION_FORMAT = dwarf;
				ENABLE_STRICT_OBJC_MSGSEND = YES;
				ENABLE_TESTABILITY = YES;
				GCC_C_LANGUAGE_STANDARD = gnu99;
				GCC_DYNAMIC_NO_PIC = NO;
				GCC_NO_COMMON_BLOCKS = YES;
				GCC_OPTIMIZATION_LEVEL = 0;
				GCC_PREPROCESSOR_DEFINITIONS = (
					"DEBUG=1",
					"$(inherited)",
				);
				GCC_WARN_64_TO_32_BIT_CONVERSION = YES;
				GCC_WARN_ABOUT_RETURN_TYPE = YES_ERROR;
				GCC_WARN_UNDECLARED_SELECTOR = YES;
				GCC_WARN_UNINITIALIZED_AUTOS = YES_AGGRESSIVE;
				GCC_WARN_UNUSED_FUNCTION = YES;
				GCC_WARN_UNUSED_VARIABLE = YES;
				IPHONEOS_DEPLOYMENT_TARGET = 10.2;
				MTL_ENABLE_DEBUG_INFO = YES;
				ONLY_ACTIVE_ARCH = YES;
				SDKROOT = iphoneos;
				SWIFT_ACTIVE_COMPILATION_CONDITIONS = DEBUG;
				SWIFT_OPTIMIZATION_LEVEL = "-Onone";
			};
			name = Debug;
		};
		880740C31E1F8C9400CECDDF /* Release */ = {
			isa = XCBuildConfiguration;
			buildSettings = {
				ALWAYS_SEARCH_USER_PATHS = NO;
				CLANG_ANALYZER_NONNULL = YES;
				CLANG_CXX_LANGUAGE_STANDARD = "gnu++0x";
				CLANG_CXX_LIBRARY = "libc++";
				CLANG_ENABLE_MODULES = YES;
				CLANG_ENABLE_OBJC_ARC = YES;
				CLANG_WARN_BOOL_CONVERSION = YES;
				CLANG_WARN_CONSTANT_CONVERSION = YES;
				CLANG_WARN_DIRECT_OBJC_ISA_USAGE = YES_ERROR;
				CLANG_WARN_DOCUMENTATION_COMMENTS = YES;
				CLANG_WARN_EMPTY_BODY = YES;
				CLANG_WARN_ENUM_CONVERSION = YES;
				CLANG_WARN_INFINITE_RECURSION = YES;
				CLANG_WARN_INT_CONVERSION = YES;
				CLANG_WARN_OBJC_ROOT_CLASS = YES_ERROR;
				CLANG_WARN_SUSPICIOUS_MOVE = YES;
				CLANG_WARN_UNREACHABLE_CODE = YES;
				CLANG_WARN__DUPLICATE_METHOD_MATCH = YES;
				"CODE_SIGN_IDENTITY[sdk=iphoneos*]" = "iPhone Developer";
				COPY_PHASE_STRIP = NO;
				DEBUG_INFORMATION_FORMAT = "dwarf-with-dsym";
				ENABLE_NS_ASSERTIONS = NO;
				ENABLE_STRICT_OBJC_MSGSEND = YES;
				GCC_C_LANGUAGE_STANDARD = gnu99;
				GCC_NO_COMMON_BLOCKS = YES;
				GCC_WARN_64_TO_32_BIT_CONVERSION = YES;
				GCC_WARN_ABOUT_RETURN_TYPE = YES_ERROR;
				GCC_WARN_UNDECLARED_SELECTOR = YES;
				GCC_WARN_UNINITIALIZED_AUTOS = YES_AGGRESSIVE;
				GCC_WARN_UNUSED_FUNCTION = YES;
				GCC_WARN_UNUSED_VARIABLE = YES;
				IPHONEOS_DEPLOYMENT_TARGET = 10.2;
				MTL_ENABLE_DEBUG_INFO = NO;
				SDKROOT = iphoneos;
				SWIFT_OPTIMIZATION_LEVEL = "-Owholemodule";
				VALIDATE_PRODUCT = YES;
			};
			name = Release;
		};
		880740C51E1F8C9400CECDDF /* Debug */ = {
			isa = XCBuildConfiguration;
			buildSettings = {
				ASSETCATALOG_COMPILER_APPICON_NAME = AppIcon;
				INFOPLIST_FILE = FringesExample/Info.plist;
				LD_RUNPATH_SEARCH_PATHS = "$(inherited) @executable_path/Frameworks";
				PRODUCT_BUNDLE_IDENTIFIER = com.solidcell.FringesExample;
				PRODUCT_NAME = "$(TARGET_NAME)";
				SWIFT_VERSION = 3.0;
			};
			name = Debug;
		};
		880740C61E1F8C9400CECDDF /* Release */ = {
			isa = XCBuildConfiguration;
			buildSettings = {
				ASSETCATALOG_COMPILER_APPICON_NAME = AppIcon;
				INFOPLIST_FILE = FringesExample/Info.plist;
				LD_RUNPATH_SEARCH_PATHS = "$(inherited) @executable_path/Frameworks";
				PRODUCT_BUNDLE_IDENTIFIER = com.solidcell.FringesExample;
				PRODUCT_NAME = "$(TARGET_NAME)";
				SWIFT_VERSION = 3.0;
			};
			name = Release;
		};
		880740C81E1F8C9400CECDDF /* Debug */ = {
			isa = XCBuildConfiguration;
			buildSettings = {
				ALWAYS_EMBED_SWIFT_STANDARD_LIBRARIES = YES;
				BUNDLE_LOADER = "$(TEST_HOST)";
				INFOPLIST_FILE = FringesExampleTests/Info.plist;
				LD_RUNPATH_SEARCH_PATHS = "$(inherited) @executable_path/Frameworks @loader_path/Frameworks";
				PRODUCT_BUNDLE_IDENTIFIER = com.solidcell.FringesExampleTests;
				PRODUCT_NAME = "$(TARGET_NAME)";
				SWIFT_VERSION = 3.0;
				TEST_HOST = "$(BUILT_PRODUCTS_DIR)/FringesExample.app/FringesExample";
			};
			name = Debug;
		};
		880740C91E1F8C9400CECDDF /* Release */ = {
			isa = XCBuildConfiguration;
			buildSettings = {
				ALWAYS_EMBED_SWIFT_STANDARD_LIBRARIES = YES;
				BUNDLE_LOADER = "$(TEST_HOST)";
				INFOPLIST_FILE = FringesExampleTests/Info.plist;
				LD_RUNPATH_SEARCH_PATHS = "$(inherited) @executable_path/Frameworks @loader_path/Frameworks";
				PRODUCT_BUNDLE_IDENTIFIER = com.solidcell.FringesExampleTests;
				PRODUCT_NAME = "$(TARGET_NAME)";
				SWIFT_VERSION = 3.0;
				TEST_HOST = "$(BUILT_PRODUCTS_DIR)/FringesExample.app/FringesExample";
			};
			name = Release;
		};
/* End XCBuildConfiguration section */

/* Begin XCConfigurationList section */
		880740A21E1F8C9400CECDDF /* Build configuration list for PBXProject "FringesExample" */ = {
			isa = XCConfigurationList;
			buildConfigurations = (
				880740C21E1F8C9400CECDDF /* Debug */,
				880740C31E1F8C9400CECDDF /* Release */,
			);
			defaultConfigurationIsVisible = 0;
			defaultConfigurationName = Release;
		};
		880740C41E1F8C9400CECDDF /* Build configuration list for PBXNativeTarget "FringesExample" */ = {
			isa = XCConfigurationList;
			buildConfigurations = (
				880740C51E1F8C9400CECDDF /* Debug */,
				880740C61E1F8C9400CECDDF /* Release */,
			);
			defaultConfigurationIsVisible = 0;
		};
		880740C71E1F8C9400CECDDF /* Build configuration list for PBXNativeTarget "FringesExampleTests" */ = {
			isa = XCConfigurationList;
			buildConfigurations = (
				880740C81E1F8C9400CECDDF /* Debug */,
				880740C91E1F8C9400CECDDF /* Release */,
			);
			defaultConfigurationIsVisible = 0;
		};
/* End XCConfigurationList section */
	};
	rootObject = 8807409F1E1F8C9400CECDDF /* Project object */;
}
